<?xml version="1.0" encoding="utf-8"?>
<Project ToolsVersion="4.0" xmlns="http://schemas.microsoft.com/developer/msbuild/2003">
  <ItemGroup>
    <ImageContentTask Include="Assets\sprite\dummy.png" />
    <ImageContentTask Include="Assets\sprite\GGJ_title.png" />
    <ImageContentTask Include="Assets\sprite\空test.png" />
    <ImageContentTask Include="Assets\sprite\test緑.png" />
    <ImageContentTask Include="Assets\sprite\test白.png" />
    <ImageContentTask Include="Assets\sprite\test桃.png" />
    <ImageContentTask Include="Assets\sprite\test赤.png" />
    <ImageContentTask Include="Assets\sprite\test青.png" />
    <ImageContentTask Include="Assets\sprite\test黒.png" />
    <ImageContentTask Include="Assets\sprite\test黄.png" />
  </ItemGroup>
  <ItemGroup>
    <ClCompile Include="ClaftScreen.cpp" />
    <ClCompile Include="Game.cpp" />
    <ClCompile Include="GameCamera.cpp" />
    <ClCompile Include="main.cpp" />
    <ClCompile Include="result.cpp" />
    <ClCompile Include="score.cpp" />
    <ClCompile Include="stdafx.cpp" />
    <ClCompile Include="Title.cpp" />
    <ClCompile Include="GameSence.cpp" />
    <ClCompile Include="Arm.cpp" />
    <ClCompile Include="test.cpp" />
  </ItemGroup>
  <ItemGroup>
    <MeshContentTask Include="Assets\modelData\claftscreen.FBX" />
    <MeshContentTask Include="Assets\modelData\unityChan.fbx" />
    <MeshContentTask Include="Assets\modelData\testSphere.FBX" />
    <MeshContentTask Include="Assets\modelData\testBox.FBX" />
  </ItemGroup>
  <ItemGroup>
    <ClInclude Include="ClaftScreen.h" />
    <ClInclude Include="Game.h" />
    <ClInclude Include="GameCamera.h" />
    <CLInclude Include="resource.h" />
    <ClInclude Include="result.h" />
    <ClInclude Include="score.h" />
    <ClInclude Include="stdafx.h" />
    <ClInclude Include="Title.h" />
    <ClInclude Include="GameSence.h" />
    <ClInclude Include="Arm.h" />
    <ClInclude Include="test.h" />
  </ItemGroup>
  <ItemGroup>
    <ResourceCompile Include="Game.rc" />
  </ItemGroup>
</Project>