<?xml version="1.0" encoding="utf-8"?>
<Project ToolsVersion="4.0" xmlns="http://schemas.microsoft.com/developer/msbuild/2003">
  <ItemGroup>
    <ImageContentTask Include="Assets\sprite\dummy.png" />
    <ImageContentTask Include="Assets\sprite\GGJ_title.png" />
    <ImageContentTask Include="Assets\sprite\ClaftScreen.png" />
    <ImageContentTask Include="Assets\sprite\hituyoubuhin1.png" />
    <ImageContentTask Include="Assets\sprite\hituyoubuhin2.png" />
  </ItemGroup>
  <ItemGroup>
    <ClCompile Include="BeltCon.cpp" />
    <ClCompile Include="ClaftScreen.cpp" />
    <ClCompile Include="Game.cpp" />
    <ClCompile Include="GameCamera.cpp" />
    <ClCompile Include="main.cpp" />
    <ClCompile Include="result.cpp" />
    <ClCompile Include="score.cpp" />
    <ClCompile Include="stdafx.cpp" />
    <ClCompile Include="Title.cpp" />
    <ClCompile Include="Buhin.cpp" />
    <ClCompile Include="test.cpp" />
    <ClCompile Include="GameSence.cpp" />
    <ClCompile Include="Arm.cpp" />
  </ItemGroup>
  <ItemGroup>
    <MeshContentTask Include="Assets\modelData\claftscreen.FBX" />
    <MeshContentTask Include="Assets\modelData\unityChan.fbx" />
    <MeshContentTask Include="Assets\modelData\BeltC.FBX" />
    <MeshContentTask Include="Assets\modelData\buhin1.FBX" />
    <MeshContentTask Include="Assets\modelData\buhin2.FBX" />
    <MeshContentTask Include="Assets\modelData\Gomi.FBX" />
  </ItemGroup>
  <ItemGroup>
    <ClInclude Include="BeltCon.h" />
    <ClInclude Include="ClaftScreen.h" />
    <ClInclude Include="Game.h" />
    <ClInclude Include="GameCamera.h" />
    <CLInclude Include="resource.h" />
    <ClInclude Include="result.h" />
    <ClInclude Include="score.h" />
    <ClInclude Include="stdafx.h" />
    <ClInclude Include="Title.h" />
    <ClInclude Include="Buhin.h" />
    <ClInclude Include="test.h" />
    <ClInclude Include="GameSence.h" />
    <ClInclude Include="Arm.h" />
  </ItemGroup>
  <ItemGroup>
    <ResourceCompile Include="Game.rc" />
  </ItemGroup>
</Project>